
Microsoft Visual Studio Solution File, Format Version 12.00
# Visual Studio Version 17
VisualStudioVersion = 17.5.002.0
MinimumVisualStudioVersion = 10.0.40219.1
Project("{9A19103F-16F7-4668-BE54-9A1E7A4F7556}") = "Reverse Linked List in K group", "Reverse Linked List in K group.csproj", "{BC97AFC1-BA38-4548-82A0-A08D52C56ED9}"
EndProject
Global
	GlobalSection(SolutionConfigurationPlatforms) = preSolution
		Debug|Any CPU = Debug|Any CPU
		Release|Any CPU = Release|Any CPU
	EndGlobalSection
	GlobalSection(ProjectConfigurationPlatforms) = postSolution
		{BC97AFC1-BA38-4548-82A0-A08D52C56ED9}.Debug|Any CPU.ActiveCfg = Debug|Any CPU
		{BC97AFC1-BA38-4548-82A0-A08D52C56ED9}.Debug|Any CPU.Build.0 = Debug|Any CPU
		{BC97AFC1-BA38-4548-82A0-A08D52C56ED9}.Release|Any CPU.ActiveCfg = Release|Any CPU
		{BC97AFC1-BA38-4548-82A0-A08D52C56ED9}.Release|Any CPU.Build.0 = Release|Any CPU
	EndGlobalSection
	GlobalSection(SolutionProperties) = preSolution
		HideSolutionNode = FALSE
	EndGlobalSection
	GlobalSection(ExtensibilityGlobals) = postSolution
		SolutionGuid = {9A470191-51DA-429D-8182-1AE3C08E018A}
	EndGlobalSection
EndGlobal
