
Microsoft Visual Studio Solution File, Format Version 12.00
# Visual Studio Version 17
VisualStudioVersion = 17.5.002.0
MinimumVisualStudioVersion = 10.0.40219.1
Project("{9A19103F-16F7-4668-BE54-9A1E7A4F7556}") = "InsertGCD", "InsertGCD.csproj", "{4399C0F9-A8C2-4746-BACB-A8FF7CD9FA20}"
EndProject
Global
	GlobalSection(SolutionConfigurationPlatforms) = preSolution
		Debug|Any CPU = Debug|Any CPU
		Release|Any CPU = Release|Any CPU
	EndGlobalSection
	GlobalSection(ProjectConfigurationPlatforms) = postSolution
		{4399C0F9-A8C2-4746-BACB-A8FF7CD9FA20}.Debug|Any CPU.ActiveCfg = Debug|Any CPU
		{4399C0F9-A8C2-4746-BACB-A8FF7CD9FA20}.Debug|Any CPU.Build.0 = Debug|Any CPU
		{4399C0F9-A8C2-4746-BACB-A8FF7CD9FA20}.Release|Any CPU.ActiveCfg = Release|Any CPU
		{4399C0F9-A8C2-4746-BACB-A8FF7CD9FA20}.Release|Any CPU.Build.0 = Release|Any CPU
	EndGlobalSection
	GlobalSection(SolutionProperties) = preSolution
		HideSolutionNode = FALSE
	EndGlobalSection
	GlobalSection(ExtensibilityGlobals) = postSolution
		SolutionGuid = {5BBB74BC-1A18-4C34-A95E-D0AA9F2AC761}
	EndGlobalSection
EndGlobal
