
Microsoft Visual Studio Solution File, Format Version 12.00
# Visual Studio Version 17
VisualStudioVersion = 17.5.002.0
MinimumVisualStudioVersion = 10.0.40219.1
Project("{9A19103F-16F7-4668-BE54-9A1E7A4F7556}") = "Valid Anagram", "Valid Anagram.csproj", "{FF58C212-D5D5-401F-BA5C-E1408C6B7D40}"
EndProject
Global
	GlobalSection(SolutionConfigurationPlatforms) = preSolution
		Debug|Any CPU = Debug|Any CPU
		Release|Any CPU = Release|Any CPU
	EndGlobalSection
	GlobalSection(ProjectConfigurationPlatforms) = postSolution
		{FF58C212-D5D5-401F-BA5C-E1408C6B7D40}.Debug|Any CPU.ActiveCfg = Debug|Any CPU
		{FF58C212-D5D5-401F-BA5C-E1408C6B7D40}.Debug|Any CPU.Build.0 = Debug|Any CPU
		{FF58C212-D5D5-401F-BA5C-E1408C6B7D40}.Release|Any CPU.ActiveCfg = Release|Any CPU
		{FF58C212-D5D5-401F-BA5C-E1408C6B7D40}.Release|Any CPU.Build.0 = Release|Any CPU
	EndGlobalSection
	GlobalSection(SolutionProperties) = preSolution
		HideSolutionNode = FALSE
	EndGlobalSection
	GlobalSection(ExtensibilityGlobals) = postSolution
		SolutionGuid = {4FC15862-5EA7-4348-93A9-4999DBBA685B}
	EndGlobalSection
EndGlobal
